
Microsoft Visual Studio Solution File, Format Version 12.00
# Visual Studio Version 17
VisualStudioVersion = 17.7.34031.279
MinimumVisualStudioVersion = 10.0.40219.1
Project("{2150E333-8FDC-42A3-9474-1A3956D46DE8}") = "Элементы решения", "Элементы решения", "{A493EAB3-AAD7-49DA-A099-7F3E29BDA6DF}"
	ProjectSection(SolutionItems) = preProject
		LICENSE.txt = LICENSE.txt
		README.md = README.md
	EndProjectSection
EndProject
Project("{FAE04EC0-301F-11D3-BF4B-00C04F79EFBC}") = "VlSU-PT3-TP.Core", "src\VlSU-PT3-TP.Core\VlSU-PT3-TP.Core.csproj", "{99EED5C9-85B7-467E-9129-7AE1972CFFD8}"
EndProject
Project("{2150E333-8FDC-42A3-9474-1A3956D46DE8}") = "Реализация", "Реализация", "{428E6595-8CC6-40D9-AACF-8BA6881DA275}"
EndProject
Project("{2150E333-8FDC-42A3-9474-1A3956D46DE8}") = "Тесты", "Тесты", "{4BC21127-A77A-46EB-BF82-817FD4E2672C}"
EndProject
Global
	GlobalSection(SolutionConfigurationPlatforms) = preSolution
		Debug|Any CPU = Debug|Any CPU
		Release|Any CPU = Release|Any CPU
	EndGlobalSection
	GlobalSection(ProjectConfigurationPlatforms) = postSolution
		{99EED5C9-85B7-467E-9129-7AE1972CFFD8}.Debug|Any CPU.ActiveCfg = Debug|Any CPU
		{99EED5C9-85B7-467E-9129-7AE1972CFFD8}.Debug|Any CPU.Build.0 = Debug|Any CPU
		{99EED5C9-85B7-467E-9129-7AE1972CFFD8}.Release|Any CPU.ActiveCfg = Release|Any CPU
		{99EED5C9-85B7-467E-9129-7AE1972CFFD8}.Release|Any CPU.Build.0 = Release|Any CPU
	EndGlobalSection
	GlobalSection(SolutionProperties) = preSolution
		HideSolutionNode = FALSE
	EndGlobalSection
	GlobalSection(NestedProjects) = preSolution
		{99EED5C9-85B7-467E-9129-7AE1972CFFD8} = {428E6595-8CC6-40D9-AACF-8BA6881DA275}
	EndGlobalSection
	GlobalSection(ExtensibilityGlobals) = postSolution
		SolutionGuid = {4B124AB0-1BB7-4EC1-A0D0-C417F32CD4BB}
	EndGlobalSection
EndGlobal
